
Microsoft Visual Studio Solution File, Format Version 12.00
# Visual Studio 15
Project("{FAE04EC0-301F-11D3-BF4B-00C04F79EFBC}") = "Assembly-CSharp", "Assembly-CSharp.csproj", "{7A69DD0F-3B39-679C-13B0-3A14E9C53DF2}"
EndProject
Project("{FAE04EC0-301F-11D3-BF4B-00C04F79EFBC}") = "Assembly-CSharp-firstpass", "Assembly-CSharp-firstpass.csproj", "{7A8A1082-4B1E-C2B6-20BF-CC0F50353F1A}"
EndProject
Project("{FAE04EC0-301F-11D3-BF4B-00C04F79EFBC}") = "Assembly-CSharp-Editor-firstpass", "Assembly-CSharp-Editor-firstpass.csproj", "{0788C15F-B15F-C8D0-CC7C-578A3FD684B3}"
EndProject
Global
	GlobalSection(SolutionConfigurationPlatforms) = preSolution
		Debug|Any CPU = Debug|Any CPU
		Release|Any CPU = Release|Any CPU
	EndGlobalSection
	GlobalSection(ProjectConfigurationPlatforms) = postSolution
		{7A69DD0F-3B39-679C-13B0-3A14E9C53DF2}.Debug|Any CPU.ActiveCfg = Debug|Any CPU
		{7A69DD0F-3B39-679C-13B0-3A14E9C53DF2}.Debug|Any CPU.Build.0 = Debug|Any CPU
		{7A69DD0F-3B39-679C-13B0-3A14E9C53DF2}.Release|Any CPU.ActiveCfg = Release|Any CPU
		{7A69DD0F-3B39-679C-13B0-3A14E9C53DF2}.Release|Any CPU.Build.0 = Release|Any CPU
		{7A8A1082-4B1E-C2B6-20BF-CC0F50353F1A}.Debug|Any CPU.ActiveCfg = Debug|Any CPU
		{7A8A1082-4B1E-C2B6-20BF-CC0F50353F1A}.Debug|Any CPU.Build.0 = Debug|Any CPU
		{7A8A1082-4B1E-C2B6-20BF-CC0F50353F1A}.Release|Any CPU.ActiveCfg = Release|Any CPU
		{7A8A1082-4B1E-C2B6-20BF-CC0F50353F1A}.Release|Any CPU.Build.0 = Release|Any CPU
		{0788C15F-B15F-C8D0-CC7C-578A3FD684B3}.Debug|Any CPU.ActiveCfg = Debug|Any CPU
		{0788C15F-B15F-C8D0-CC7C-578A3FD684B3}.Debug|Any CPU.Build.0 = Debug|Any CPU
		{0788C15F-B15F-C8D0-CC7C-578A3FD684B3}.Release|Any CPU.ActiveCfg = Release|Any CPU
		{0788C15F-B15F-C8D0-CC7C-578A3FD684B3}.Release|Any CPU.Build.0 = Release|Any CPU
	EndGlobalSection
	GlobalSection(SolutionProperties) = preSolution
		HideSolutionNode = FALSE
	EndGlobalSection
EndGlobal
